
Microsoft Visual Studio Solution File, Format Version 12.00
# Visual Studio Version 16
VisualStudioVersion = 16.0.30611.23
MinimumVisualStudioVersion = 10.0.40219.1
Project("{FAE04EC0-301F-11D3-BF4B-00C04F79EFBC}") = "WebApplicationProject", "WebApplicationProject.csproj", "{BF5D65EE-2DA6-41E6-9246-3886B399708C}"
EndProject
Global
	GlobalSection(SolutionConfigurationPlatforms) = preSolution
		Debug|Any CPU = Debug|Any CPU
		Release|Any CPU = Release|Any CPU
	EndGlobalSection
	GlobalSection(ProjectConfigurationPlatforms) = postSolution
		{BF5D65EE-2DA6-41E6-9246-3886B399708C}.Debug|Any CPU.ActiveCfg = Debug|Any CPU
		{BF5D65EE-2DA6-41E6-9246-3886B399708C}.Debug|Any CPU.Build.0 = Debug|Any CPU
		{BF5D65EE-2DA6-41E6-9246-3886B399708C}.Release|Any CPU.ActiveCfg = Release|Any CPU
		{BF5D65EE-2DA6-41E6-9246-3886B399708C}.Release|Any CPU.Build.0 = Release|Any CPU
	EndGlobalSection
	GlobalSection(SolutionProperties) = preSolution
		HideSolutionNode = FALSE
	EndGlobalSection
	GlobalSection(ExtensibilityGlobals) = postSolution
		SolutionGuid = {156839DB-D661-4A6C-AFB6-58B493B53F10}
	EndGlobalSection
EndGlobal
